
Microsoft Visual Studio Solution File, Format Version 12.00
# Visual Studio 15
VisualStudioVersion = 15.0.28307.438
MinimumVisualStudioVersion = 10.0.40219.1
Project("{9A19103F-16F7-4668-BE54-9A1E7A4F7556}") = "PlexSharp.Webhooks", "PlexSharp.WebHooks\PlexSharp.Webhooks.csproj", "{CF062BF8-09F9-4C7E-BAD4-BE2B4C3FA056}"
EndProject
Project("{9A19103F-16F7-4668-BE54-9A1E7A4F7556}") = "PlexSharp.Webhooks.Tests", "PlexSharp.WebHooks.Tests\PlexSharp.Webhooks.Tests.csproj", "{A3355AF8-839E-45F9-BA42-301DAACB4286}"
EndProject
Global
	GlobalSection(SolutionConfigurationPlatforms) = preSolution
		Debug|Any CPU = Debug|Any CPU
		Release|Any CPU = Release|Any CPU
	EndGlobalSection
	GlobalSection(ProjectConfigurationPlatforms) = postSolution
		{CF062BF8-09F9-4C7E-BAD4-BE2B4C3FA056}.Debug|Any CPU.ActiveCfg = Debug|Any CPU
		{CF062BF8-09F9-4C7E-BAD4-BE2B4C3FA056}.Debug|Any CPU.Build.0 = Debug|Any CPU
		{CF062BF8-09F9-4C7E-BAD4-BE2B4C3FA056}.Release|Any CPU.ActiveCfg = Release|Any CPU
		{CF062BF8-09F9-4C7E-BAD4-BE2B4C3FA056}.Release|Any CPU.Build.0 = Release|Any CPU
		{A3355AF8-839E-45F9-BA42-301DAACB4286}.Debug|Any CPU.ActiveCfg = Debug|Any CPU
		{A3355AF8-839E-45F9-BA42-301DAACB4286}.Debug|Any CPU.Build.0 = Debug|Any CPU
		{A3355AF8-839E-45F9-BA42-301DAACB4286}.Release|Any CPU.ActiveCfg = Release|Any CPU
		{A3355AF8-839E-45F9-BA42-301DAACB4286}.Release|Any CPU.Build.0 = Release|Any CPU
	EndGlobalSection
	GlobalSection(SolutionProperties) = preSolution
		HideSolutionNode = FALSE
	EndGlobalSection
	GlobalSection(ExtensibilityGlobals) = postSolution
		SolutionGuid = {7D93943E-7426-4313-A5B0-6C0645130933}
	EndGlobalSection
EndGlobal
